
Microsoft Visual Studio Solution File, Format Version 12.00
# Visual Studio Version 17
VisualStudioVersion = 17.5.33516.290
MinimumVisualStudioVersion = 10.0.40219.1
Project("{9A19103F-16F7-4668-BE54-9A1E7A4F7556}") = "gbOOP", "gbOOP\gbOOP.csproj", "{8A9D0E84-AEC4-4256-BD6C-5B3D916AFC2A}"
EndProject
Global
	GlobalSection(SolutionConfigurationPlatforms) = preSolution
		Debug|Any CPU = Debug|Any CPU
		Release|Any CPU = Release|Any CPU
	EndGlobalSection
	GlobalSection(ProjectConfigurationPlatforms) = postSolution
		{8A9D0E84-AEC4-4256-BD6C-5B3D916AFC2A}.Debug|Any CPU.ActiveCfg = Debug|Any CPU
		{8A9D0E84-AEC4-4256-BD6C-5B3D916AFC2A}.Debug|Any CPU.Build.0 = Debug|Any CPU
		{8A9D0E84-AEC4-4256-BD6C-5B3D916AFC2A}.Release|Any CPU.ActiveCfg = Release|Any CPU
		{8A9D0E84-AEC4-4256-BD6C-5B3D916AFC2A}.Release|Any CPU.Build.0 = Release|Any CPU
	EndGlobalSection
	GlobalSection(SolutionProperties) = preSolution
		HideSolutionNode = FALSE
	EndGlobalSection
	GlobalSection(ExtensibilityGlobals) = postSolution
		SolutionGuid = {4FA5CA57-2E85-4E8E-AD54-367F6375AE8A}
	EndGlobalSection
EndGlobal
